
Microsoft Visual Studio Solution File, Format Version 12.00
# Visual Studio Version 17
VisualStudioVersion = 17.0.31903.59
MinimumVisualStudioVersion = 10.0.40219.1
Project("{2150E333-8FDC-42A3-9474-1A3956D46DE8}") = "src", "src", "{827E0CD3-B72D-47B6-A68D-7590B98EB39B}"
EndProject
Project("{FAE04EC0-301F-11D3-BF4B-00C04F79EFBC}") = "CodeWay.Domain", "src\CodeWay.Domain\CodeWay.Domain.csproj", "{D831543D-57CB-4DFA-BBDB-A738CD37778B}"
EndProject
Project("{FAE04EC0-301F-11D3-BF4B-00C04F79EFBC}") = "CodeWay.Application", "src\CodeWay.Application\CodeWay.Application.csproj", "{B75791BA-552F-4629-82D4-8BEA7F9374F3}"
EndProject
Project("{FAE04EC0-301F-11D3-BF4B-00C04F79EFBC}") = "CodeWay.Infrastructure", "src\CodeWay.Infrastructure\CodeWay.Infrastructure.csproj", "{49420242-D094-4382-8D88-E584D6D92D9E}"
EndProject
Project("{FAE04EC0-301F-11D3-BF4B-00C04F79EFBC}") = "CodeWay.API", "src\CodeWay.API\CodeWay.API.csproj", "{42F3A1AC-3303-4248-93D8-DF6F8F79A871}"
EndProject
Project("{2150E333-8FDC-42A3-9474-1A3956D46DE8}") = "tests", "tests", "{0AB3BF05-4346-4AA6-1389-037BE0695223}"
EndProject
Project("{FAE04EC0-301F-11D3-BF4B-00C04F79EFBC}") = "CodeWay.Domain.Tests", "tests\CodeWay.Domain.Tests\CodeWay.Domain.Tests.csproj", "{1DE58C99-10B0-4A25-8C67-49EC9B62CD68}"
EndProject
Project("{FAE04EC0-301F-11D3-BF4B-00C04F79EFBC}") = "CodeWay.Application.Tests", "tests\CodeWay.Application.Tests\CodeWay.Application.Tests.csproj", "{D2A04336-D23C-460A-83DA-C18CD68DA742}"
EndProject
Global
	GlobalSection(SolutionConfigurationPlatforms) = preSolution
		Debug|Any CPU = Debug|Any CPU
		Debug|x64 = Debug|x64
		Debug|x86 = Debug|x86
		Release|Any CPU = Release|Any CPU
		Release|x64 = Release|x64
		Release|x86 = Release|x86
	EndGlobalSection
	GlobalSection(ProjectConfigurationPlatforms) = postSolution
		{D831543D-57CB-4DFA-BBDB-A738CD37778B}.Debug|Any CPU.ActiveCfg = Debug|Any CPU
		{D831543D-57CB-4DFA-BBDB-A738CD37778B}.Debug|Any CPU.Build.0 = Debug|Any CPU
		{D831543D-57CB-4DFA-BBDB-A738CD37778B}.Debug|x64.ActiveCfg = Debug|Any CPU
		{D831543D-57CB-4DFA-BBDB-A738CD37778B}.Debug|x64.Build.0 = Debug|Any CPU
		{D831543D-57CB-4DFA-BBDB-A738CD37778B}.Debug|x86.ActiveCfg = Debug|Any CPU
		{D831543D-57CB-4DFA-BBDB-A738CD37778B}.Debug|x86.Build.0 = Debug|Any CPU
		{D831543D-57CB-4DFA-BBDB-A738CD37778B}.Release|Any CPU.ActiveCfg = Release|Any CPU
		{D831543D-57CB-4DFA-BBDB-A738CD37778B}.Release|Any CPU.Build.0 = Release|Any CPU
		{D831543D-57CB-4DFA-BBDB-A738CD37778B}.Release|x64.ActiveCfg = Release|Any CPU
		{D831543D-57CB-4DFA-BBDB-A738CD37778B}.Release|x64.Build.0 = Release|Any CPU
		{D831543D-57CB-4DFA-BBDB-A738CD37778B}.Release|x86.ActiveCfg = Release|Any CPU
		{D831543D-57CB-4DFA-BBDB-A738CD37778B}.Release|x86.Build.0 = Release|Any CPU
		{B75791BA-552F-4629-82D4-8BEA7F9374F3}.Debug|Any CPU.ActiveCfg = Debug|Any CPU
		{B75791BA-552F-4629-82D4-8BEA7F9374F3}.Debug|Any CPU.Build.0 = Debug|Any CPU
		{B75791BA-552F-4629-82D4-8BEA7F9374F3}.Debug|x64.ActiveCfg = Debug|Any CPU
		{B75791BA-552F-4629-82D4-8BEA7F9374F3}.Debug|x64.Build.0 = Debug|Any CPU
		{B75791BA-552F-4629-82D4-8BEA7F9374F3}.Debug|x86.ActiveCfg = Debug|Any CPU
		{B75791BA-552F-4629-82D4-8BEA7F9374F3}.Debug|x86.Build.0 = Debug|Any CPU
		{B75791BA-552F-4629-82D4-8BEA7F9374F3}.Release|Any CPU.ActiveCfg = Release|Any CPU
		{B75791BA-552F-4629-82D4-8BEA7F9374F3}.Release|Any CPU.Build.0 = Release|Any CPU
		{B75791BA-552F-4629-82D4-8BEA7F9374F3}.Release|x64.ActiveCfg = Release|Any CPU
		{B75791BA-552F-4629-82D4-8BEA7F9374F3}.Release|x64.Build.0 = Release|Any CPU
		{B75791BA-552F-4629-82D4-8BEA7F9374F3}.Release|x86.ActiveCfg = Release|Any CPU
		{B75791BA-552F-4629-82D4-8BEA7F9374F3}.Release|x86.Build.0 = Release|Any CPU
		{49420242-D094-4382-8D88-E584D6D92D9E}.Debug|Any CPU.ActiveCfg = Debug|Any CPU
		{49420242-D094-4382-8D88-E584D6D92D9E}.Debug|Any CPU.Build.0 = Debug|Any CPU
		{49420242-D094-4382-8D88-E584D6D92D9E}.Debug|x64.ActiveCfg = Debug|Any CPU
		{49420242-D094-4382-8D88-E584D6D92D9E}.Debug|x64.Build.0 = Debug|Any CPU
		{49420242-D094-4382-8D88-E584D6D92D9E}.Debug|x86.ActiveCfg = Debug|Any CPU
		{49420242-D094-4382-8D88-E584D6D92D9E}.Debug|x86.Build.0 = Debug|Any CPU
		{49420242-D094-4382-8D88-E584D6D92D9E}.Release|Any CPU.ActiveCfg = Release|Any CPU
		{49420242-D094-4382-8D88-E584D6D92D9E}.Release|Any CPU.Build.0 = Release|Any CPU
		{49420242-D094-4382-8D88-E584D6D92D9E}.Release|x64.ActiveCfg = Release|Any CPU
		{49420242-D094-4382-8D88-E584D6D92D9E}.Release|x64.Build.0 = Release|Any CPU
		{49420242-D094-4382-8D88-E584D6D92D9E}.Release|x86.ActiveCfg = Release|Any CPU
		{49420242-D094-4382-8D88-E584D6D92D9E}.Release|x86.Build.0 = Release|Any CPU
		{42F3A1AC-3303-4248-93D8-DF6F8F79A871}.Debug|Any CPU.ActiveCfg = Debug|Any CPU
		{42F3A1AC-3303-4248-93D8-DF6F8F79A871}.Debug|Any CPU.Build.0 = Debug|Any CPU
		{42F3A1AC-3303-4248-93D8-DF6F8F79A871}.Debug|x64.ActiveCfg = Debug|Any CPU
		{42F3A1AC-3303-4248-93D8-DF6F8F79A871}.Debug|x64.Build.0 = Debug|Any CPU
		{42F3A1AC-3303-4248-93D8-DF6F8F79A871}.Debug|x86.ActiveCfg = Debug|Any CPU
		{42F3A1AC-3303-4248-93D8-DF6F8F79A871}.Debug|x86.Build.0 = Debug|Any CPU
		{42F3A1AC-3303-4248-93D8-DF6F8F79A871}.Release|Any CPU.ActiveCfg = Release|Any CPU
		{42F3A1AC-3303-4248-93D8-DF6F8F79A871}.Release|Any CPU.Build.0 = Release|Any CPU
		{42F3A1AC-3303-4248-93D8-DF6F8F79A871}.Release|x64.ActiveCfg = Release|Any CPU
		{42F3A1AC-3303-4248-93D8-DF6F8F79A871}.Release|x64.Build.0 = Release|Any CPU
		{42F3A1AC-3303-4248-93D8-DF6F8F79A871}.Release|x86.ActiveCfg = Release|Any CPU
		{42F3A1AC-3303-4248-93D8-DF6F8F79A871}.Release|x86.Build.0 = Release|Any CPU
		{1DE58C99-10B0-4A25-8C67-49EC9B62CD68}.Debug|Any CPU.ActiveCfg = Debug|Any CPU
		{1DE58C99-10B0-4A25-8C67-49EC9B62CD68}.Debug|Any CPU.Build.0 = Debug|Any CPU
		{1DE58C99-10B0-4A25-8C67-49EC9B62CD68}.Debug|x64.ActiveCfg = Debug|Any CPU
		{1DE58C99-10B0-4A25-8C67-49EC9B62CD68}.Debug|x64.Build.0 = Debug|Any CPU
		{1DE58C99-10B0-4A25-8C67-49EC9B62CD68}.Debug|x86.ActiveCfg = Debug|Any CPU
		{1DE58C99-10B0-4A25-8C67-49EC9B62CD68}.Debug|x86.Build.0 = Debug|Any CPU
		{1DE58C99-10B0-4A25-8C67-49EC9B62CD68}.Release|Any CPU.ActiveCfg = Release|Any CPU
		{1DE58C99-10B0-4A25-8C67-49EC9B62CD68}.Release|Any CPU.Build.0 = Release|Any CPU
		{1DE58C99-10B0-4A25-8C67-49EC9B62CD68}.Release|x64.ActiveCfg = Release|Any CPU
		{1DE58C99-10B0-4A25-8C67-49EC9B62CD68}.Release|x64.Build.0 = Release|Any CPU
		{1DE58C99-10B0-4A25-8C67-49EC9B62CD68}.Release|x86.ActiveCfg = Release|Any CPU
		{1DE58C99-10B0-4A25-8C67-49EC9B62CD68}.Release|x86.Build.0 = Release|Any CPU
		{D2A04336-D23C-460A-83DA-C18CD68DA742}.Debug|Any CPU.ActiveCfg = Debug|Any CPU
		{D2A04336-D23C-460A-83DA-C18CD68DA742}.Debug|Any CPU.Build.0 = Debug|Any CPU
		{D2A04336-D23C-460A-83DA-C18CD68DA742}.Debug|x64.ActiveCfg = Debug|Any CPU
		{D2A04336-D23C-460A-83DA-C18CD68DA742}.Debug|x64.Build.0 = Debug|Any CPU
		{D2A04336-D23C-460A-83DA-C18CD68DA742}.Debug|x86.ActiveCfg = Debug|Any CPU
		{D2A04336-D23C-460A-83DA-C18CD68DA742}.Debug|x86.Build.0 = Debug|Any CPU
		{D2A04336-D23C-460A-83DA-C18CD68DA742}.Release|Any CPU.ActiveCfg = Release|Any CPU
		{D2A04336-D23C-460A-83DA-C18CD68DA742}.Release|Any CPU.Build.0 = Release|Any CPU
		{D2A04336-D23C-460A-83DA-C18CD68DA742}.Release|x64.ActiveCfg = Release|Any CPU
		{D2A04336-D23C-460A-83DA-C18CD68DA742}.Release|x64.Build.0 = Release|Any CPU
		{D2A04336-D23C-460A-83DA-C18CD68DA742}.Release|x86.ActiveCfg = Release|Any CPU
		{D2A04336-D23C-460A-83DA-C18CD68DA742}.Release|x86.Build.0 = Release|Any CPU
	EndGlobalSection
	GlobalSection(SolutionProperties) = preSolution
		HideSolutionNode = FALSE
	EndGlobalSection
	GlobalSection(NestedProjects) = preSolution
		{D831543D-57CB-4DFA-BBDB-A738CD37778B} = {827E0CD3-B72D-47B6-A68D-7590B98EB39B}
		{B75791BA-552F-4629-82D4-8BEA7F9374F3} = {827E0CD3-B72D-47B6-A68D-7590B98EB39B}
		{49420242-D094-4382-8D88-E584D6D92D9E} = {827E0CD3-B72D-47B6-A68D-7590B98EB39B}
		{42F3A1AC-3303-4248-93D8-DF6F8F79A871} = {827E0CD3-B72D-47B6-A68D-7590B98EB39B}
		{1DE58C99-10B0-4A25-8C67-49EC9B62CD68} = {0AB3BF05-4346-4AA6-1389-037BE0695223}
		{D2A04336-D23C-460A-83DA-C18CD68DA742} = {0AB3BF05-4346-4AA6-1389-037BE0695223}
	EndGlobalSection
EndGlobal
